<?xml version="1.0" encoding="utf-8"?>
<Project ToolsVersion="4.0" xmlns="http://schemas.microsoft.com/developer/msbuild/2003">
  <ItemGroup>
    <Filter Include="Scenes">
      <UniqueIdentifier>{7391cd2c-97b3-4cbd-8bd5-524692283ecd}</UniqueIdentifier>
    </Filter>
  </ItemGroup>
  <ItemGroup>
    <ClInclude Include="jkLoadScenes.h">
      <Filter>Scenes</Filter>
    </ClInclude>
    <ClInclude Include="jkPlayScene.h" />
    <ClInclude Include="jkPlayer.h" />
  </ItemGroup>
  <ItemGroup>
    <ClCompile Include="jkPlayScene.cpp" />
    <ClCompile Include="jkPlayer.cpp" />
  </ItemGroup>
</Project>