<?xml version="1.0" encoding="utf-8"?>
<Project ToolsVersion="4.0" xmlns="http://schemas.microsoft.com/developer/msbuild/2003">
  <ItemGroup>
    <Filter Include="Scenes">
      <UniqueIdentifier>{7391cd2c-97b3-4cbd-8bd5-524692283ecd}</UniqueIdentifier>
    </Filter>
    <Filter Include="Scripts">
      <UniqueIdentifier>{ce3ff6db-3271-4a53-b4f3-17cdea4f8d8b}</UniqueIdentifier>
    </Filter>
    <Filter Include="Components">
      <UniqueIdentifier>{ffa756ff-ddc8-4b71-8c88-a43133259ad8}</UniqueIdentifier>
    </Filter>
    <Filter Include="GameObjects">
      <UniqueIdentifier>{7b8c869b-d701-46d2-b46d-b91f965859ba}</UniqueIdentifier>
    </Filter>
    <Filter Include="Contents">
      <UniqueIdentifier>{e7caf79f-b9a7-4213-90c2-0d70f144f25d}</UniqueIdentifier>
    </Filter>
  </ItemGroup>
  <ItemGroup>
    <ClInclude Include="jkLoadScenes.h">
      <Filter>Scenes</Filter>
    </ClInclude>
    <ClInclude Include="jkPlayScene.h">
      <Filter>Scenes</Filter>
    </ClInclude>
    <ClInclude Include="jkTitleScene.h">
      <Filter>Scenes</Filter>
    </ClInclude>
    <ClInclude Include="jkPlayerScript.h">
      <Filter>Scripts</Filter>
    </ClInclude>
    <ClInclude Include="jkSakuya.h">
      <Filter>GameObjects</Filter>
    </ClInclude>
    <ClInclude Include="jkInvokerScript.h">
      <Filter>Scripts</Filter>
    </ClInclude>
    <ClInclude Include="jkToolScene.h">
      <Filter>Scenes</Filter>
    </ClInclude>
    <ClInclude Include="jkTile.h">
      <Filter>GameObjects</Filter>
    </ClInclude>
    <ClInclude Include="jkCameraScript.h">
      <Filter>Scripts</Filter>
    </ClInclude>
    <ClInclude Include="jkFloor.h">
      <Filter>GameObjects</Filter>
    </ClInclude>
    <ClInclude Include="jkFloorScript.h">
      <Filter>Scripts</Filter>
    </ClInclude>
    <ClInclude Include="jkHero.h">
      <Filter>GameObjects</Filter>
    </ClInclude>
    <ClInclude Include="jkWorldScene.h">
      <Filter>Scenes</Filter>
    </ClInclude>
    <ClInclude Include="jkInvokerSkill.h" />
    <ClInclude Include="jkLoadingScene.h">
      <Filter>Scenes</Filter>
    </ClInclude>
  </ItemGroup>
  <ItemGroup>
    <ClCompile Include="jkPlayScene.cpp">
      <Filter>Scenes</Filter>
    </ClCompile>
    <ClCompile Include="jkTitleScene.cpp">
      <Filter>Scenes</Filter>
    </ClCompile>
    <ClCompile Include="jkPlayerScript.cpp">
      <Filter>Scripts</Filter>
    </ClCompile>
    <ClCompile Include="jkSakuya.cpp">
      <Filter>GameObjects</Filter>
    </ClCompile>
    <ClCompile Include="jkInvokerScript.cpp">
      <Filter>Scripts</Filter>
    </ClCompile>
    <ClCompile Include="jkToolScene.cpp">
      <Filter>Scenes</Filter>
    </ClCompile>
    <ClCompile Include="jkTile.cpp">
      <Filter>GameObjects</Filter>
    </ClCompile>
    <ClCompile Include="jkCameraScript.cpp">
      <Filter>Scripts</Filter>
    </ClCompile>
    <ClCompile Include="jkFloor.cpp">
      <Filter>GameObjects</Filter>
    </ClCompile>
    <ClCompile Include="jkFloorScript.cpp">
      <Filter>Scripts</Filter>
    </ClCompile>
    <ClCompile Include="jkHero.cpp">
      <Filter>GameObjects</Filter>
    </ClCompile>
    <ClCompile Include="jkWorldScene.cpp">
      <Filter>Scenes</Filter>
    </ClCompile>
    <ClCompile Include="jkInvokerSkill.cpp" />
    <ClCompile Include="jkLoadingScene.cpp">
      <Filter>Scenes</Filter>
    </ClCompile>
  </ItemGroup>
</Project>